{
  "name": "gutendev",
  "version": "1.0.0",
  "lockfileVersion": 1,
  "requires": true,
  "dependencies": {
    "@splidejs/splide": {
      "version": "4.0.7",
      "resolved": "https://registry.npmjs.org/@splidejs/splide/-/splide-4.0.7.tgz",
      "integrity": "sha512-aJAOGJN2lwjwou3mxQofc3uhe+RXpw9in0WfysFX7AMT/mj7wSqoetfm41s7J8jU6FJ3ZWaLYgSJIpBAQ5wyqw==",
      "dev": true
    },
    "animate.css": {
      "version": "4.1.1",
      "resolved": "https://registry.npmjs.org/animate.css/-/animate.css-4.1.1.tgz",
      "integrity": "sha512-+mRmCTv6SbCmtYJCN4faJMNFVNN5EuCTTprDTAo7YzIGji2KADmakjVA3+8mVDkZ2Bf09vayB35lSQIex2+QaQ==",
      "dev": true
    },
    "hammerjs": {
      "version": "2.0.8",
      "resolved": "https://registry.npmjs.org/hammerjs/-/hammerjs-2.0.8.tgz",
      "integrity": "sha1-BO93hiz/K7edMPdpIJWTAiK/YPE=",
      "dev": true
    },
    "hc-offcanvas-nav": {
      "version": "6.1.5",
      "resolved": "https://registry.npmjs.org/hc-offcanvas-nav/-/hc-offcanvas-nav-6.1.5.tgz",
      "integrity": "sha512-l3wHyZijyDtuaNHXMPCWJKhMLhVcGLwjwkxIr37/oeFC5PZzmxsQNSYY6V4vRE8d5AtFbiPGaAqlXtul2UfoCw==",
      "dev": true
    },
    "headroom.js": {
      "version": "0.12.0",
      "resolved": "https://registry.npmjs.org/headroom.js/-/headroom.js-0.12.0.tgz",
      "integrity": "sha512-iXnAafUm3FdzfJ91uixLws2hkKI1jC8bAKK/pt7XYr8Ie1jO7xbK48Ycpl9tUPyBgkzuj1p/PhJS0fy4E/5anA==",
      "dev": true
    },
    "jarallax": {
      "version": "2.0.3",
      "resolved": "https://registry.npmjs.org/jarallax/-/jarallax-2.0.3.tgz",
      "integrity": "sha512-K50tf1hJ3eoyVwGs9Hin/tweNqJoHw1BdVGMr8ZCHf4LlbeuDbAPRoaFl6Lsg/fseYag4SoFA/rP7qw8Sb/JuQ==",
      "dev": true,
      "requires": {
        "video-worker": "^2.0.0"
      }
    },
    "js-circle-progress": {
      "version": "0.2.4",
      "resolved": "https://registry.npmjs.org/js-circle-progress/-/js-circle-progress-0.2.4.tgz",
      "integrity": "sha512-WKlRBk8E5wYNVyjTduGdsTFrCB4SrKPP44cTD8d2hwv/6RJZnDIdbfd64L2TLg+dRWDRzO8p0Hs5dPp0M3d09w==",
      "dev": true
    },
    "magnific-popup": {
      "version": "1.1.0",
      "resolved": "https://registry.npmjs.org/magnific-popup/-/magnific-popup-1.1.0.tgz",
      "integrity": "sha1-PnNixb0Y9nhf6Z5Z0BPiCvM9MEk=",
      "dev": true
    },
    "objectFitPolyfill": {
      "version": "2.3.5",
      "resolved": "https://registry.npmjs.org/objectFitPolyfill/-/objectFitPolyfill-2.3.5.tgz",
      "integrity": "sha512-8Quz071ZmGi0QWEG4xB3Bv5Lpw6K0Uca87FLoLMKMWjB6qIq9IyBegP3b/VLNxv2WYvIMGoeUQ+c6ibUkNa8TA==",
      "dev": true
    },
    "raw-loader": {
      "version": "0.5.1",
      "resolved": "https://registry.npmjs.org/raw-loader/-/raw-loader-0.5.1.tgz",
      "integrity": "sha1-DD0L6u2KAclm2Xh793goElKpeao=",
      "dev": true
    },
    "requirejs": {
      "version": "2.3.6",
      "resolved": "https://registry.npmjs.org/requirejs/-/requirejs-2.3.6.tgz",
      "integrity": "sha512-ipEzlWQe6RK3jkzikgCupiTbTvm4S0/CAU5GlgptkN5SO6F3u0UD0K18wy6ErDqiCyP4J4YYe1HuAShvsxePLg=="
    },
    "script-loader": {
      "version": "0.7.2",
      "resolved": "https://registry.npmjs.org/script-loader/-/script-loader-0.7.2.tgz",
      "integrity": "sha512-UMNLEvgOAQuzK8ji8qIscM3GIrRCWN6MmMXGD4SD5l6cSycgGsCo0tX5xRnfQcoghqct0tjHjcykgI1PyBE2aA==",
      "dev": true,
      "requires": {
        "raw-loader": "~0.5.1"
      }
    },
    "slick-carousel": {
      "version": "1.8.1",
      "resolved": "https://registry.npmjs.org/slick-carousel/-/slick-carousel-1.8.1.tgz",
      "integrity": "sha512-XB9Ftrf2EEKfzoQXt3Nitrt/IPbT+f1fgqBdoxO3W/+JYvtEOW6EgxnWfr9GH6nmULv7Y2tPmEX3koxThVmebA=="
    },
    "video-worker": {
      "version": "2.0.0",
      "resolved": "https://registry.npmjs.org/video-worker/-/video-worker-2.0.0.tgz",
      "integrity": "sha512-hdah9eSOaxDgj8SSE82HQkj4yzgXVK91ceMqJc6/0Q+M2710LTy7J1Jxgw5RDSPRfgMc68YuFtgptnodsje5Fw==",
      "dev": true
    }
  }
}
